
Microsoft Visual Studio Solution File, Format Version 12.00
# Visual Studio Version 17
VisualStudioVersion = 17.14.36915.13 d17.14
MinimumVisualStudioVersion = 10.0.40219.1
Project("{FAE04EC0-301F-11D3-BF4B-00C04F79EFBC}") = "ElectronicStore", "ElectronicStore\ElectronicStore.csproj", "{FE19653C-C901-432B-BC5F-8254372E01C5}"
EndProject
Global
	GlobalSection(SolutionConfigurationPlatforms) = preSolution
		Debug|Any CPU = Debug|Any CPU
		Release|Any CPU = Release|Any CPU
	EndGlobalSection
	GlobalSection(ProjectConfigurationPlatforms) = postSolution
		{FE19653C-C901-432B-BC5F-8254372E01C5}.Debug|Any CPU.ActiveCfg = Debug|Any CPU
		{FE19653C-C901-432B-BC5F-8254372E01C5}.Debug|Any CPU.Build.0 = Debug|Any CPU
		{FE19653C-C901-432B-BC5F-8254372E01C5}.Release|Any CPU.ActiveCfg = Release|Any CPU
		{FE19653C-C901-432B-BC5F-8254372E01C5}.Release|Any CPU.Build.0 = Release|Any CPU
	EndGlobalSection
	GlobalSection(SolutionProperties) = preSolution
		HideSolutionNode = FALSE
	EndGlobalSection
	GlobalSection(ExtensibilityGlobals) = postSolution
		SolutionGuid = {1A45E9F9-AF49-4A32-AB40-B9C6565A4CBD}
	EndGlobalSection
EndGlobal
